<?xml version="1.0" encoding="utf-8"?>
<Project ToolsVersion="4.0" xmlns="http://schemas.microsoft.com/developer/msbuild/2003">
  <ItemGroup>
    <Natvis Include="$(MSBuildThisFileDirectory)..\..\natvis\wil.natvis" />
  </ItemGroup>
  <ItemGroup>
    <ClCompile Include="main.cpp" />
    <ClCompile Include="pch.cpp" />
    <ClCompile Include="QuietBackgroundProcessesSession.cpp" />
    <ClCompile Include="QuietState.cpp" />
  </ItemGroup>
  <ItemGroup>
    <ClInclude Include="TimedQuietSession.h" />
    <ClInclude Include="pch.h" />
    <ClInclude Include="QuietState.h" />
    <ClInclude Include="Timer.h" />
    <ClInclude Include="telemetry\MicrosoftTelemetry.h">
      <Filter>telemetry</Filter>
    </ClInclude>
  </ItemGroup>
  <ItemGroup>
    <None Include="packages.config" />
    <None Include="PropertySheet.props" />
  </ItemGroup>
  <ItemGroup>
    <Filter Include="telemetry">
      <UniqueIdentifier>{75eebf2c-e46c-49e7-aef6-5b244fa5ba6e}</UniqueIdentifier>
    </Filter>
  </ItemGroup>
</Project>